{
    "_readme": [
        "This file locks the dependencies of your project to a known state",
        "Read more about it at https://getcomposer.org/doc/01-basic-usage.md#composer-lock-the-lock-file",
        "This file is @generated automatically"
    ],
    "content-hash": "e4d9a9d36237858acd6cdcef02ad10af",
    "packages": [
        {
            "name": "91carriage/phpunit-hhi",
            "version": "5.7.0",
            "source": {
                "type": "git",
                "url": "https://git.simon.geek.nz/91-carriage/phpunit-hhi.git",
                "reference": "7cf2db21dfadaaf8be24773f3d781fa43c8103a5"
            },
            "require": {
                "hhvm": ">=3.9.0"
            },
            "conflict": {
                "phpunit/phpunit": "<5.7.0"
            },
            "require-dev": {
                "phpunit/phpunit": "*"
            },
            "suggest": {
                "91carriage/dbunit-hhi": "HHI files for use with DbUnit"
            },
            "type": "library",
            "extra": {
                "branch-alias": {
                    "dev-master": "6.0.x-dev",
                    "dev-phpunit-5.7": "5.7.x-dev",
                    "dev-phpunit-5.6": "5.6.x-dev",
                    "dev-phpunit-5.5": "5.5.x-dev",
                    "dev-phpunit-5.4": "5.4.x-dev",
                    "dev-phpunit-5.3": "5.3.x-dev",
                    "dev-phpunit-5.2": "5.2.x-dev",
                    "dev-phpunit-5.1": "5.1.x-dev",
                    "dev-phpunit-5.0": "5.0.x-dev",
                    "dev-phpunit-4.8": "4.8.x-dev"
                }
            },
            "notification-url": "https://packagist.org/downloads/",
            "license": [
                "MIT"
            ],
            "description": "HHI definitions for PHPUnit",
            "homepage": "https://git.simon.geek.nz/91-carriage/phpunit-hhi",
            "keywords": [
                "hack",
                "hhvm",
                "phpunit",
                "testing"
            ],
            "time": "2017-01-29T01:05:19+00:00"
        },
        {
            "name": "facebook/definition-finder",
            "version": "v1.5.0",
            "source": {
                "type": "git",
                "url": "https://github.com/hhvm/definition-finder.git",
                "reference": "dfa55da9e9e44eb28f6c65bb86494012da045e1f"
            },
            "dist": {
                "type": "zip",
                "url": "https://api.github.com/repos/hhvm/definition-finder/zipball/dfa55da9e9e44eb28f6c65bb86494012da045e1f",
                "reference": "dfa55da9e9e44eb28f6c65bb86494012da045e1f",
                "shasum": ""
            },
            "require": {
                "hhvm": "~3.12"
            },
            "require-dev": {
                "91carriage/phpunit-hhi": "~5.1",
                "hhvm/systemlib-extractor": "^0.1.0",
                "phpunit/phpunit": "~5.1"
            },
            "type": "library",
            "autoload": {
                "classmap": [
                    "src/"
                ],
                "files": [
                    "autoload_files.php"
                ]
            },
            "notification-url": "https://packagist.org/downloads/",
            "description": "Find definitions in PHP or Hack files. Useful for autoloaders.",
            "homepage": "https://github.com/hhvm/definitions-finder",
            "keywords": [
                "autoload",
                "definitions",
                "hack",
                "hhvm"
            ],
            "time": "2017-02-17T03:56:56+00:00"
        },
        {
            "name": "facebook/hack-codegen",
            "version": "v2.2.1",
            "source": {
                "type": "git",
                "url": "https://github.com/hhvm/hack-codegen.git",
                "reference": "45de68524f7e7bb80bd622ee7ffe2026320b7d08"
            },
            "dist": {
                "type": "zip",
                "url": "https://api.github.com/repos/hhvm/hack-codegen/zipball/45de68524f7e7bb80bd622ee7ffe2026320b7d08",
                "reference": "45de68524f7e7bb80bd622ee7ffe2026320b7d08",
                "shasum": ""
            },
            "require": {
                "hhvm": "^3.12"
            },
            "require-dev": {
                "91carriage/phpunit-hhi": "^5.6",
                "fredemmott/type-assert": "^1.0",
                "phpunit/phpunit": "^5.7"
            },
            "type": "library",
            "autoload": {
                "classmap": [
                    "lib/",
                    "src/"
                ],
                "files": [
                    "lib/typedefs.php",
                    "lib/utils.php"
                ]
            },
            "notification-url": "https://packagist.org/downloads/",
            "authors": [
                {
                    "name": "Drew Hoskins",
                    "role": "Developer"
                },
                {
                    "name": "Gaurav Kumar",
                    "role": "Developer"
                },
                {
                    "name": "Alejandro Marcu",
                    "role": "Developer"
                },
                {
                    "name": "Matthieu Martin",
                    "role": "Developer"
                },
                {
                    "name": "Fred Emmott",
                    "role": "Developer"
                }
            ],
            "description": "Hack Codegen is a library for programatically generating Hack code",
            "keywords": [
                "code generation",
                "hack"
            ],
            "time": "2017-02-21T01:48:12+00:00"
        },
        {
            "name": "facebook/hack-router",
            "version": "v1.0.0rc8",
            "source": {
                "type": "git",
                "url": "https://github.com/hhvm/hack-router.git",
                "reference": "d9cf3ef612e4218d14a2651517cbacc0352532e6"
            },
            "dist": {
                "type": "zip",
                "url": "https://api.github.com/repos/hhvm/hack-router/zipball/d9cf3ef612e4218d14a2651517cbacc0352532e6",
                "reference": "d9cf3ef612e4218d14a2651517cbacc0352532e6",
                "shasum": ""
            },
            "require": {
                "hack-psr/psr7-http-message-hhi": "^0.2.0|^1.0.0",
                "nikic/fast-route": "^1.0.0 || >0.7 <1.0"
            },
            "require-dev": {
                "91carriage/phpunit-hhi": "^5.1",
                "phpunit/phpunit": "^5.1",
                "zendframework/zend-diactoros": "^1.3"
            },
            "type": "library",
            "extra": {
                "branch-alias": {
                    "dev-master": "1.x-dev"
                }
            },
            "autoload": {
                "classmap": [
                    "src/"
                ]
            },
            "notification-url": "https://packagist.org/downloads/",
            "description": "URI routing for Hack",
            "homepage": "https://github.com/hhvm/hack-router",
            "keywords": [
                "hack",
                "hhvm",
                "router",
                "routing"
            ],
            "time": "2017-02-15T01:38:10+00:00"
        },
        {
            "name": "facebook/hack-router-codegen",
            "version": "v1.0.0rc3",
            "source": {
                "type": "git",
                "url": "https://github.com/hhvm/hack-router-codegen.git",
                "reference": "d377b470cb0c684265d68409a55140549f9afd3e"
            },
            "dist": {
                "type": "zip",
                "url": "https://api.github.com/repos/hhvm/hack-router-codegen/zipball/d377b470cb0c684265d68409a55140549f9afd3e",
                "reference": "d377b470cb0c684265d68409a55140549f9afd3e",
                "shasum": ""
            },
            "require": {
                "facebook/definition-finder": "^1.3.0",
                "facebook/hack-codegen": "^2.1.0",
                "facebook/hack-router": "^1.0.0rc7",
                "fredemmott/type-assert": "^0.2.0 || ^1.0"
            },
            "require-dev": {
                "91carriage/phpunit-hhi": "^5.5",
                "phpunit/phpunit": "^5.5"
            },
            "type": "library",
            "extra": {
                "branch-alias": {
                    "dev-master": "1.x-dev"
                }
            },
            "autoload": {
                "classmap": [
                    "src/"
                ]
            },
            "notification-url": "https://packagist.org/downloads/",
            "description": "URI routing for Hack with codegen",
            "homepage": "https://github.com/hhvm/hack-router-codegen",
            "keywords": [
                "hack",
                "hhvm",
                "router",
                "routing"
            ],
            "time": "2017-02-19T20:29:08+00:00"
        },
        {
            "name": "facebook/hhvm-autoload",
            "version": "v1.3.0",
            "source": {
                "type": "git",
                "url": "https://github.com/hhvm/hhvm-autoload.git",
                "reference": "39ecfe62b1f002b95b0a67cf73ae3da476d55570"
            },
            "dist": {
                "type": "zip",
                "url": "https://api.github.com/repos/hhvm/hhvm-autoload/zipball/39ecfe62b1f002b95b0a67cf73ae3da476d55570",
                "reference": "39ecfe62b1f002b95b0a67cf73ae3da476d55570",
                "shasum": ""
            },
            "require": {
                "91carriage/phpunit-hhi": "^5.1",
                "composer-plugin-api": "^1.0",
                "facebook/definition-finder": "^1.0",
                "fredemmott/hack-error-suppressor": "^1.0",
                "fredemmott/type-assert": "^1.1",
                "hhvm": "^3.12"
            },
            "require-dev": {
                "phpunit/phpunit": "^5.1"
            },
            "type": "composer-plugin",
            "extra": {
                "class": [
                    "Facebook\\AutoloadMap\\ComposerPlugin"
                ]
            },
            "autoload": {
                "classmap": [
                    "src/Writer.php",
                    "src/"
                ],
                "files": [
                    "src/AutoloadMap.php",
                    "src/Config.php"
                ]
            },
            "notification-url": "https://packagist.org/downloads/",
            "time": "2017-02-17T05:54:26+00:00"
        },
        {
            "name": "facebook/xhp-lib",
            "version": "v2.3.2",
            "source": {
                "type": "git",
                "url": "https://github.com/facebook/xhp-lib.git",
                "reference": "4d2e2640534f50debe04f6a398db064fa6b1bb72"
            },
            "dist": {
                "type": "zip",
                "url": "https://api.github.com/repos/facebook/xhp-lib/zipball/4d2e2640534f50debe04f6a398db064fa6b1bb72",
                "reference": "4d2e2640534f50debe04f6a398db064fa6b1bb72",
                "shasum": ""
            },
            "require": {
                "fredemmott/type-assert": "^0.2.0 || ^1.0",
                "hhvm": "~3.12"
            },
            "require-dev": {
                "91carriage/phpunit-hhi": "^5.1.0",
                "phpunit/phpunit": "^5.1.0"
            },
            "type": "library",
            "extra": {
                "branch-alias": {
                    "dev-master": "2.x-dev"
                }
            },
            "autoload": {
                "classmap": [
                    "src/"
                ]
            },
            "notification-url": "https://packagist.org/downloads/",
            "license": [
                "BSD-3-Clause"
            ],
            "description": "Class library for XHP",
            "homepage": "https://github.com/facebook/xhp-lib",
            "keywords": [
                "facebook",
                "hack",
                "hhvm",
                "xhp"
            ],
            "time": "2016-12-04T21:31:50+00:00"
        },
        {
            "name": "fredemmott/hack-error-suppressor",
            "version": "v1.0.0",
            "source": {
                "type": "git",
                "url": "https://github.com/fredemmott/hack-error-suppressor.git",
                "reference": "acaba332c5597455b9900388b00b11a53d773a93"
            },
            "dist": {
                "type": "zip",
                "url": "https://api.github.com/repos/fredemmott/hack-error-suppressor/zipball/acaba332c5597455b9900388b00b11a53d773a93",
                "reference": "acaba332c5597455b9900388b00b11a53d773a93",
                "shasum": ""
            },
            "require-dev": {
                "91carriage/phpunit-hhi": "^5.6",
                "phpunit/phpunit": "^5.7"
            },
            "type": "library",
            "autoload": {
                "classmap": [
                    "src/"
                ]
            },
            "notification-url": "https://packagist.org/downloads/",
            "license": [
                "ISC"
            ],
            "authors": [
                {
                    "name": "Fred Emmott",
                    "email": "fred@fredemmott.co.uk"
                }
            ],
            "description": "Suppress HHVM's automatic conversion of typechecker errors to fatals.",
            "time": "2017-01-23T01:19:07+00:00"
        },
        {
            "name": "fredemmott/type-assert",
            "version": "v1.1",
            "source": {
                "type": "git",
                "url": "https://github.com/fredemmott/type-assert.git",
                "reference": "38460b438ca85701585abe471d944c678d242847"
            },
            "dist": {
                "type": "zip",
                "url": "https://api.github.com/repos/fredemmott/type-assert/zipball/38460b438ca85701585abe471d944c678d242847",
                "reference": "38460b438ca85701585abe471d944c678d242847",
                "shasum": ""
            },
            "require": {
                "hhvm": "~3.12"
            },
            "require-dev": {
                "91carriage/phpunit-hhi": "~5.1",
                "phpunit/phpunit": "~5.1"
            },
            "type": "library",
            "autoload": {
                "classmap": [
                    "src/"
                ]
            },
            "notification-url": "https://packagist.org/downloads/",
            "license": [
                "ISC"
            ],
            "description": "Convert untyped data to typed data",
            "keywords": [
                "TypeAssert",
                "hack"
            ],
            "time": "2017-02-15T02:26:23+00:00"
        },
        {
            "name": "hack-psr/psr7-http-message-hhi",
            "version": "v1.0.0",
            "source": {
                "type": "git",
                "url": "https://github.com/fredemmott/psr7-http-message-hhi.git",
                "reference": "6635714788172c17961a7c157168cc4d90a8884f"
            },
            "dist": {
                "type": "zip",
                "url": "https://api.github.com/repos/fredemmott/psr7-http-message-hhi/zipball/6635714788172c17961a7c157168cc4d90a8884f",
                "reference": "6635714788172c17961a7c157168cc4d90a8884f",
                "shasum": ""
            },
            "require": {
                "psr/http-message": "^1.0"
            },
            "type": "library",
            "notification-url": "https://packagist.org/downloads/",
            "license": [
                "MIT"
            ],
            "description": "Typechecker definitions for PSR-7",
            "homepage": "https://github.com/fredemmott/psr7-http-message-hhi",
            "keywords": [
                "hack",
                "hhi",
                "hhvm",
                "http-message",
                "psr",
                "psr-7",
                "psr7"
            ],
            "time": "2016-09-22T15:18:26+00:00"
        },
        {
            "name": "nikic/fast-route",
            "version": "v1.2.0",
            "source": {
                "type": "git",
                "url": "https://github.com/nikic/FastRoute.git",
                "reference": "b5f95749071c82a8e0f58586987627054400cdf6"
            },
            "dist": {
                "type": "zip",
                "url": "https://api.github.com/repos/nikic/FastRoute/zipball/b5f95749071c82a8e0f58586987627054400cdf6",
                "reference": "b5f95749071c82a8e0f58586987627054400cdf6",
                "shasum": ""
            },
            "require": {
                "php": ">=5.4.0"
            },
            "type": "library",
            "autoload": {
                "psr-4": {
                    "FastRoute\\": "src/"
                },
                "files": [
                    "src/functions.php"
                ]
            },
            "notification-url": "https://packagist.org/downloads/",
            "license": [
                "BSD-3-Clause"
            ],
            "authors": [
                {
                    "name": "Nikita Popov",
                    "email": "nikic@php.net"
                }
            ],
            "description": "Fast request router for PHP",
            "keywords": [
                "router",
                "routing"
            ],
            "time": "2017-01-19T11:35:12+00:00"
        },
        {
            "name": "psr/http-message",
            "version": "1.0.1",
            "source": {
                "type": "git",
                "url": "https://github.com/php-fig/http-message.git",
                "reference": "f6561bf28d520154e4b0ec72be95418abe6d9363"
            },
            "dist": {
                "type": "zip",
                "url": "https://api.github.com/repos/php-fig/http-message/zipball/f6561bf28d520154e4b0ec72be95418abe6d9363",
                "reference": "f6561bf28d520154e4b0ec72be95418abe6d9363",
                "shasum": ""
            },
            "require": {
                "php": ">=5.3.0"
            },
            "type": "library",
            "extra": {
                "branch-alias": {
                    "dev-master": "1.0.x-dev"
                }
            },
            "autoload": {
                "psr-4": {
                    "Psr\\Http\\Message\\": "src/"
                }
            },
            "notification-url": "https://packagist.org/downloads/",
            "license": [
                "MIT"
            ],
            "authors": [
                {
                    "name": "PHP-FIG",
                    "homepage": "http://www.php-fig.org/"
                }
            ],
            "description": "Common interface for HTTP messages",
            "homepage": "https://github.com/php-fig/http-message",
            "keywords": [
                "http",
                "http-message",
                "psr",
                "psr-7",
                "request",
                "response"
            ],
            "time": "2016-08-06T14:39:51+00:00"
        }
    ],
    "packages-dev": [],
    "aliases": [],
    "minimum-stability": "dev",
    "stability-flags": {
        "facebook/hack-router": 5,
        "facebook/hack-router-codegen": 5
    },
    "prefer-stable": true,
    "prefer-lowest": false,
    "platform": [],
    "platform-dev": []
}
